
Microsoft Visual Studio Solution File, Format Version 12.00
# Visual Studio 15
VisualStudioVersion = 15.0.27428.2005
MinimumVisualStudioVersion = 10.0.40219.1
Project("{FAE04EC0-301F-11D3-BF4B-00C04F79EFBC}") = "mvc-demo", "mvc-demo\mvc-demo.csproj", "{69D0E98E-A698-4B4A-A729-D95A6830D20D}"
EndProject
Project("{FAE04EC0-301F-11D3-BF4B-00C04F79EFBC}") = "mvc-demo.core", "mvc-demo.core\mvc-demo.core.csproj", "{3F6F3A71-D635-4196-8AE6-2E607D9BC663}"
EndProject
Project("{FAE04EC0-301F-11D3-BF4B-00C04F79EFBC}") = "mvc-demo.migrations", "mvc-demo.migrations\mvc-demo.migrations.csproj", "{341E2559-D9AF-40B0-B850-B03DC15EF85F}"
EndProject
Global
	GlobalSection(SolutionConfigurationPlatforms) = preSolution
		Debug|Any CPU = Debug|Any CPU
		Release|Any CPU = Release|Any CPU
	EndGlobalSection
	GlobalSection(ProjectConfigurationPlatforms) = postSolution
		{69D0E98E-A698-4B4A-A729-D95A6830D20D}.Debug|Any CPU.ActiveCfg = Debug|Any CPU
		{69D0E98E-A698-4B4A-A729-D95A6830D20D}.Debug|Any CPU.Build.0 = Debug|Any CPU
		{69D0E98E-A698-4B4A-A729-D95A6830D20D}.Release|Any CPU.ActiveCfg = Release|Any CPU
		{69D0E98E-A698-4B4A-A729-D95A6830D20D}.Release|Any CPU.Build.0 = Release|Any CPU
		{3F6F3A71-D635-4196-8AE6-2E607D9BC663}.Debug|Any CPU.ActiveCfg = Debug|Any CPU
		{3F6F3A71-D635-4196-8AE6-2E607D9BC663}.Debug|Any CPU.Build.0 = Debug|Any CPU
		{3F6F3A71-D635-4196-8AE6-2E607D9BC663}.Release|Any CPU.ActiveCfg = Release|Any CPU
		{3F6F3A71-D635-4196-8AE6-2E607D9BC663}.Release|Any CPU.Build.0 = Release|Any CPU
		{341E2559-D9AF-40B0-B850-B03DC15EF85F}.Debug|Any CPU.ActiveCfg = Debug|Any CPU
		{341E2559-D9AF-40B0-B850-B03DC15EF85F}.Debug|Any CPU.Build.0 = Debug|Any CPU
		{341E2559-D9AF-40B0-B850-B03DC15EF85F}.Release|Any CPU.ActiveCfg = Release|Any CPU
		{341E2559-D9AF-40B0-B850-B03DC15EF85F}.Release|Any CPU.Build.0 = Release|Any CPU
	EndGlobalSection
	GlobalSection(SolutionProperties) = preSolution
		HideSolutionNode = FALSE
	EndGlobalSection
	GlobalSection(ExtensibilityGlobals) = postSolution
		SolutionGuid = {E990DF4B-E9E2-4F85-BB8C-43F52F586D14}
	EndGlobalSection
EndGlobal
