
Microsoft Visual Studio Solution File, Format Version 12.00
# Visual Studio Version 16
VisualStudioVersion = 16.0.28714.193
MinimumVisualStudioVersion = 10.0.40219.1
Project("{9A19103F-16F7-4668-BE54-9A1E7A4F7556}") = "WebApplication", "WebApplication\WebApplication.csproj", "{053B1C51-B3A3-49E0-A43E-5612827C473E}"
EndProject
Project("{FAE04EC0-301F-11D3-BF4B-00C04F79EFBC}") = "WebApplication.Core", "WebApplication.Core\WebApplication.Core.csproj", "{33A1DC5A-EF4D-4507-9F94-7C064B6F38ED}"
EndProject
Global
	GlobalSection(SolutionConfigurationPlatforms) = preSolution
		Debug|Any CPU = Debug|Any CPU
		Release|Any CPU = Release|Any CPU
	EndGlobalSection
	GlobalSection(ProjectConfigurationPlatforms) = postSolution
		{053B1C51-B3A3-49E0-A43E-5612827C473E}.Debug|Any CPU.ActiveCfg = Debug|Any CPU
		{053B1C51-B3A3-49E0-A43E-5612827C473E}.Debug|Any CPU.Build.0 = Debug|Any CPU
		{053B1C51-B3A3-49E0-A43E-5612827C473E}.Release|Any CPU.ActiveCfg = Release|Any CPU
		{053B1C51-B3A3-49E0-A43E-5612827C473E}.Release|Any CPU.Build.0 = Release|Any CPU
		{33A1DC5A-EF4D-4507-9F94-7C064B6F38ED}.Debug|Any CPU.ActiveCfg = Debug|Any CPU
		{33A1DC5A-EF4D-4507-9F94-7C064B6F38ED}.Debug|Any CPU.Build.0 = Debug|Any CPU
		{33A1DC5A-EF4D-4507-9F94-7C064B6F38ED}.Release|Any CPU.ActiveCfg = Release|Any CPU
		{33A1DC5A-EF4D-4507-9F94-7C064B6F38ED}.Release|Any CPU.Build.0 = Release|Any CPU
	EndGlobalSection
	GlobalSection(SolutionProperties) = preSolution
		HideSolutionNode = FALSE
	EndGlobalSection
	GlobalSection(ExtensibilityGlobals) = postSolution
		SolutionGuid = {3597615B-E15B-4C4A-986D-E63C9F32CC96}
	EndGlobalSection
EndGlobal
